
Microsoft Visual Studio Solution File, Format Version 12.00
# Visual Studio 15
VisualStudioVersion = 15.0.28307.539
MinimumVisualStudioVersion = 10.0.40219.1
Project("{FAE04EC0-301F-11D3-BF4B-00C04F79EFBC}") = "LorumIpsumStreamConsole", "LorumIpsumStreamApp\LorumIpsumStreamConsole.csproj", "{5B0D174D-CF71-45C4-BFDB-7EE4141AFADF}"
EndProject
Project("{FAE04EC0-301F-11D3-BF4B-00C04F79EFBC}") = "LorumIpsumStreamTests", "LorumIpsumStreamTests\LorumIpsumStreamTests.csproj", "{8357DDB4-2407-4519-8621-53DF4F23D4D4}"
EndProject
Project("{FAE04EC0-301F-11D3-BF4B-00C04F79EFBC}") = "LorumIpsum", "LorumIpsum\LorumIpsum.csproj", "{4C8E3E61-40B7-41BF-A96D-A980B9D715DA}"
EndProject
Global
	GlobalSection(SolutionConfigurationPlatforms) = preSolution
		Debug|Any CPU = Debug|Any CPU
		Release|Any CPU = Release|Any CPU
	EndGlobalSection
	GlobalSection(ProjectConfigurationPlatforms) = postSolution
		{5B0D174D-CF71-45C4-BFDB-7EE4141AFADF}.Debug|Any CPU.ActiveCfg = Debug|Any CPU
		{5B0D174D-CF71-45C4-BFDB-7EE4141AFADF}.Debug|Any CPU.Build.0 = Debug|Any CPU
		{5B0D174D-CF71-45C4-BFDB-7EE4141AFADF}.Release|Any CPU.ActiveCfg = Release|Any CPU
		{5B0D174D-CF71-45C4-BFDB-7EE4141AFADF}.Release|Any CPU.Build.0 = Release|Any CPU
		{8357DDB4-2407-4519-8621-53DF4F23D4D4}.Debug|Any CPU.ActiveCfg = Debug|Any CPU
		{8357DDB4-2407-4519-8621-53DF4F23D4D4}.Debug|Any CPU.Build.0 = Debug|Any CPU
		{8357DDB4-2407-4519-8621-53DF4F23D4D4}.Release|Any CPU.ActiveCfg = Release|Any CPU
		{8357DDB4-2407-4519-8621-53DF4F23D4D4}.Release|Any CPU.Build.0 = Release|Any CPU
		{4C8E3E61-40B7-41BF-A96D-A980B9D715DA}.Debug|Any CPU.ActiveCfg = Debug|Any CPU
		{4C8E3E61-40B7-41BF-A96D-A980B9D715DA}.Debug|Any CPU.Build.0 = Debug|Any CPU
		{4C8E3E61-40B7-41BF-A96D-A980B9D715DA}.Release|Any CPU.ActiveCfg = Release|Any CPU
		{4C8E3E61-40B7-41BF-A96D-A980B9D715DA}.Release|Any CPU.Build.0 = Release|Any CPU
	EndGlobalSection
	GlobalSection(SolutionProperties) = preSolution
		HideSolutionNode = FALSE
	EndGlobalSection
	GlobalSection(ExtensibilityGlobals) = postSolution
		SolutionGuid = {860A9BE9-3EDE-4BF0-BB5B-C666FBE91BF7}
	EndGlobalSection
EndGlobal
